
Microsoft Visual Studio Solution File, Format Version 12.00
# Visual Studio Version 17
VisualStudioVersion = 17.0.31717.71
MinimumVisualStudioVersion = 10.0.40219.1
Project("{2150E333-8FDC-42A3-9474-1A3956D46DE8}") = "mango.product", "mango.product", "{1A909F27-CE54-46F7-B5C7-021CCF4D68C6}"
EndProject
Project("{2150E333-8FDC-42A3-9474-1A3956D46DE8}") = "mango.web", "mango.web", "{06D87B46-9603-46D5-9E22-7721C60696F7}"
EndProject
Project("{9A19103F-16F7-4668-BE54-9A1E7A4F7556}") = "mango.product.api", "mango.product\mango.product.api\mango.product.api.csproj", "{37D952CE-81EE-4EAC-AB8A-B9BA5BA67728}"
EndProject
Project("{9A19103F-16F7-4668-BE54-9A1E7A4F7556}") = "mango.product.application", "mango.product\mango.product.application\mango.product.application.csproj", "{A2CF3840-5199-4DB9-B813-A4754904BA59}"
EndProject
Project("{9A19103F-16F7-4668-BE54-9A1E7A4F7556}") = "mango.product.data", "mango.product\mango.product.data\mango.product.data.csproj", "{890F8AEB-4479-4257-AA70-2D1B8D5ED752}"
EndProject
Project("{9A19103F-16F7-4668-BE54-9A1E7A4F7556}") = "mango.product.domain", "mango.product\mango.product.domain\mango.product.domain.csproj", "{E70FE333-99B2-4CFF-A163-D2C6D5DC26C2}"
EndProject
Project("{9A19103F-16F7-4668-BE54-9A1E7A4F7556}") = "mango.product.IoC", "mango.product\mango.product.IoC\mango.product.IoC.csproj", "{C2740525-BC5B-44F1-AAE7-CCF1F8FCD55A}"
EndProject
Project("{9A19103F-16F7-4668-BE54-9A1E7A4F7556}") = "mango.product.DAL", "mango.product\mango.product.DAL\mango.product.DAL.csproj", "{B745C376-320D-484F-95C3-43E4C98AC850}"
EndProject
Project("{2150E333-8FDC-42A3-9474-1A3956D46DE8}") = "mango.identity", "mango.identity", "{FFDFD6BA-69BE-44C4-8917-A1B7399CCF50}"
EndProject
Project("{9A19103F-16F7-4668-BE54-9A1E7A4F7556}") = "mango.identity", "mango.identity\mango.identity.csproj", "{CB548374-D2BF-41B5-8885-7355A2F30A5B}"
EndProject
Project("{9A19103F-16F7-4668-BE54-9A1E7A4F7556}") = "mango.web", "mango.web\mango.web.csproj", "{3666071C-08E3-42E9-AD83-5F7383B0FACF}"
EndProject
Project("{2150E333-8FDC-42A3-9474-1A3956D46DE8}") = "mango.cart", "mango.cart", "{850C3118-5E81-45E9-B8B6-A9FA6A6BA625}"
EndProject
Project("{9A19103F-16F7-4668-BE54-9A1E7A4F7556}") = "mango.cart.api", "mango.cart\mango.cart.api\mango.cart.api.csproj", "{D0BE8497-88D8-45EB-95B5-3B90BD554D67}"
EndProject
Project("{FAE04EC0-301F-11D3-BF4B-00C04F79EFBC}") = "mango.cart.application", "mango.cart\mango.cart.application\mango.cart.application.csproj", "{4E88DFD5-2855-4FAE-88CD-0BC9259EAB17}"
EndProject
Project("{FAE04EC0-301F-11D3-BF4B-00C04F79EFBC}") = "mango.cart.DAL", "mango.cart\mango.cart.DAL\mango.cart.DAL.csproj", "{104E7A59-F11B-4D94-806C-AF5BA5C9D7E7}"
EndProject
Project("{FAE04EC0-301F-11D3-BF4B-00C04F79EFBC}") = "mango.cart.data", "mango.cart\mango.cart.data\mango.cart.data.csproj", "{733F942B-4764-4367-9784-3F0561F79404}"
EndProject
Project("{FAE04EC0-301F-11D3-BF4B-00C04F79EFBC}") = "mango.cart.domain", "mango.cart\mango.cart.domain\mango.cart.domain.csproj", "{CDDF18C0-80D2-42A4-AD3A-C254588FD6EE}"
EndProject
Project("{9A19103F-16F7-4668-BE54-9A1E7A4F7556}") = "mango.cart.IoC", "mango.cart\mango.cart.IoC\mango.cart.IoC.csproj", "{FE8EE819-2A97-4E01-BD23-421B813CC45A}"
EndProject
Global
	GlobalSection(SolutionConfigurationPlatforms) = preSolution
		Debug|Any CPU = Debug|Any CPU
		Release|Any CPU = Release|Any CPU
	EndGlobalSection
	GlobalSection(ProjectConfigurationPlatforms) = postSolution
		{37D952CE-81EE-4EAC-AB8A-B9BA5BA67728}.Debug|Any CPU.ActiveCfg = Debug|Any CPU
		{37D952CE-81EE-4EAC-AB8A-B9BA5BA67728}.Debug|Any CPU.Build.0 = Debug|Any CPU
		{37D952CE-81EE-4EAC-AB8A-B9BA5BA67728}.Release|Any CPU.ActiveCfg = Release|Any CPU
		{37D952CE-81EE-4EAC-AB8A-B9BA5BA67728}.Release|Any CPU.Build.0 = Release|Any CPU
		{A2CF3840-5199-4DB9-B813-A4754904BA59}.Debug|Any CPU.ActiveCfg = Debug|Any CPU
		{A2CF3840-5199-4DB9-B813-A4754904BA59}.Debug|Any CPU.Build.0 = Debug|Any CPU
		{A2CF3840-5199-4DB9-B813-A4754904BA59}.Release|Any CPU.ActiveCfg = Release|Any CPU
		{A2CF3840-5199-4DB9-B813-A4754904BA59}.Release|Any CPU.Build.0 = Release|Any CPU
		{890F8AEB-4479-4257-AA70-2D1B8D5ED752}.Debug|Any CPU.ActiveCfg = Debug|Any CPU
		{890F8AEB-4479-4257-AA70-2D1B8D5ED752}.Debug|Any CPU.Build.0 = Debug|Any CPU
		{890F8AEB-4479-4257-AA70-2D1B8D5ED752}.Release|Any CPU.ActiveCfg = Release|Any CPU
		{890F8AEB-4479-4257-AA70-2D1B8D5ED752}.Release|Any CPU.Build.0 = Release|Any CPU
		{E70FE333-99B2-4CFF-A163-D2C6D5DC26C2}.Debug|Any CPU.ActiveCfg = Debug|Any CPU
		{E70FE333-99B2-4CFF-A163-D2C6D5DC26C2}.Debug|Any CPU.Build.0 = Debug|Any CPU
		{E70FE333-99B2-4CFF-A163-D2C6D5DC26C2}.Release|Any CPU.ActiveCfg = Release|Any CPU
		{E70FE333-99B2-4CFF-A163-D2C6D5DC26C2}.Release|Any CPU.Build.0 = Release|Any CPU
		{C2740525-BC5B-44F1-AAE7-CCF1F8FCD55A}.Debug|Any CPU.ActiveCfg = Debug|Any CPU
		{C2740525-BC5B-44F1-AAE7-CCF1F8FCD55A}.Debug|Any CPU.Build.0 = Debug|Any CPU
		{C2740525-BC5B-44F1-AAE7-CCF1F8FCD55A}.Release|Any CPU.ActiveCfg = Release|Any CPU
		{C2740525-BC5B-44F1-AAE7-CCF1F8FCD55A}.Release|Any CPU.Build.0 = Release|Any CPU
		{B745C376-320D-484F-95C3-43E4C98AC850}.Debug|Any CPU.ActiveCfg = Debug|Any CPU
		{B745C376-320D-484F-95C3-43E4C98AC850}.Debug|Any CPU.Build.0 = Debug|Any CPU
		{B745C376-320D-484F-95C3-43E4C98AC850}.Release|Any CPU.ActiveCfg = Release|Any CPU
		{B745C376-320D-484F-95C3-43E4C98AC850}.Release|Any CPU.Build.0 = Release|Any CPU
		{CB548374-D2BF-41B5-8885-7355A2F30A5B}.Debug|Any CPU.ActiveCfg = Debug|Any CPU
		{CB548374-D2BF-41B5-8885-7355A2F30A5B}.Debug|Any CPU.Build.0 = Debug|Any CPU
		{CB548374-D2BF-41B5-8885-7355A2F30A5B}.Release|Any CPU.ActiveCfg = Release|Any CPU
		{CB548374-D2BF-41B5-8885-7355A2F30A5B}.Release|Any CPU.Build.0 = Release|Any CPU
		{3666071C-08E3-42E9-AD83-5F7383B0FACF}.Debug|Any CPU.ActiveCfg = Debug|Any CPU
		{3666071C-08E3-42E9-AD83-5F7383B0FACF}.Debug|Any CPU.Build.0 = Debug|Any CPU
		{3666071C-08E3-42E9-AD83-5F7383B0FACF}.Release|Any CPU.ActiveCfg = Release|Any CPU
		{3666071C-08E3-42E9-AD83-5F7383B0FACF}.Release|Any CPU.Build.0 = Release|Any CPU
		{D0BE8497-88D8-45EB-95B5-3B90BD554D67}.Debug|Any CPU.ActiveCfg = Debug|Any CPU
		{D0BE8497-88D8-45EB-95B5-3B90BD554D67}.Debug|Any CPU.Build.0 = Debug|Any CPU
		{D0BE8497-88D8-45EB-95B5-3B90BD554D67}.Release|Any CPU.ActiveCfg = Release|Any CPU
		{D0BE8497-88D8-45EB-95B5-3B90BD554D67}.Release|Any CPU.Build.0 = Release|Any CPU
		{4E88DFD5-2855-4FAE-88CD-0BC9259EAB17}.Debug|Any CPU.ActiveCfg = Debug|Any CPU
		{4E88DFD5-2855-4FAE-88CD-0BC9259EAB17}.Debug|Any CPU.Build.0 = Debug|Any CPU
		{4E88DFD5-2855-4FAE-88CD-0BC9259EAB17}.Release|Any CPU.ActiveCfg = Release|Any CPU
		{4E88DFD5-2855-4FAE-88CD-0BC9259EAB17}.Release|Any CPU.Build.0 = Release|Any CPU
		{104E7A59-F11B-4D94-806C-AF5BA5C9D7E7}.Debug|Any CPU.ActiveCfg = Debug|Any CPU
		{104E7A59-F11B-4D94-806C-AF5BA5C9D7E7}.Debug|Any CPU.Build.0 = Debug|Any CPU
		{104E7A59-F11B-4D94-806C-AF5BA5C9D7E7}.Release|Any CPU.ActiveCfg = Release|Any CPU
		{104E7A59-F11B-4D94-806C-AF5BA5C9D7E7}.Release|Any CPU.Build.0 = Release|Any CPU
		{733F942B-4764-4367-9784-3F0561F79404}.Debug|Any CPU.ActiveCfg = Debug|Any CPU
		{733F942B-4764-4367-9784-3F0561F79404}.Debug|Any CPU.Build.0 = Debug|Any CPU
		{733F942B-4764-4367-9784-3F0561F79404}.Release|Any CPU.ActiveCfg = Release|Any CPU
		{733F942B-4764-4367-9784-3F0561F79404}.Release|Any CPU.Build.0 = Release|Any CPU
		{CDDF18C0-80D2-42A4-AD3A-C254588FD6EE}.Debug|Any CPU.ActiveCfg = Debug|Any CPU
		{CDDF18C0-80D2-42A4-AD3A-C254588FD6EE}.Debug|Any CPU.Build.0 = Debug|Any CPU
		{CDDF18C0-80D2-42A4-AD3A-C254588FD6EE}.Release|Any CPU.ActiveCfg = Release|Any CPU
		{CDDF18C0-80D2-42A4-AD3A-C254588FD6EE}.Release|Any CPU.Build.0 = Release|Any CPU
		{FE8EE819-2A97-4E01-BD23-421B813CC45A}.Debug|Any CPU.ActiveCfg = Debug|Any CPU
		{FE8EE819-2A97-4E01-BD23-421B813CC45A}.Debug|Any CPU.Build.0 = Debug|Any CPU
		{FE8EE819-2A97-4E01-BD23-421B813CC45A}.Release|Any CPU.ActiveCfg = Release|Any CPU
		{FE8EE819-2A97-4E01-BD23-421B813CC45A}.Release|Any CPU.Build.0 = Release|Any CPU
	EndGlobalSection
	GlobalSection(SolutionProperties) = preSolution
		HideSolutionNode = FALSE
	EndGlobalSection
	GlobalSection(NestedProjects) = preSolution
		{37D952CE-81EE-4EAC-AB8A-B9BA5BA67728} = {1A909F27-CE54-46F7-B5C7-021CCF4D68C6}
		{A2CF3840-5199-4DB9-B813-A4754904BA59} = {1A909F27-CE54-46F7-B5C7-021CCF4D68C6}
		{890F8AEB-4479-4257-AA70-2D1B8D5ED752} = {1A909F27-CE54-46F7-B5C7-021CCF4D68C6}
		{E70FE333-99B2-4CFF-A163-D2C6D5DC26C2} = {1A909F27-CE54-46F7-B5C7-021CCF4D68C6}
		{C2740525-BC5B-44F1-AAE7-CCF1F8FCD55A} = {1A909F27-CE54-46F7-B5C7-021CCF4D68C6}
		{B745C376-320D-484F-95C3-43E4C98AC850} = {1A909F27-CE54-46F7-B5C7-021CCF4D68C6}
		{CB548374-D2BF-41B5-8885-7355A2F30A5B} = {FFDFD6BA-69BE-44C4-8917-A1B7399CCF50}
		{3666071C-08E3-42E9-AD83-5F7383B0FACF} = {06D87B46-9603-46D5-9E22-7721C60696F7}
		{D0BE8497-88D8-45EB-95B5-3B90BD554D67} = {850C3118-5E81-45E9-B8B6-A9FA6A6BA625}
		{4E88DFD5-2855-4FAE-88CD-0BC9259EAB17} = {850C3118-5E81-45E9-B8B6-A9FA6A6BA625}
		{104E7A59-F11B-4D94-806C-AF5BA5C9D7E7} = {850C3118-5E81-45E9-B8B6-A9FA6A6BA625}
		{733F942B-4764-4367-9784-3F0561F79404} = {850C3118-5E81-45E9-B8B6-A9FA6A6BA625}
		{CDDF18C0-80D2-42A4-AD3A-C254588FD6EE} = {850C3118-5E81-45E9-B8B6-A9FA6A6BA625}
		{FE8EE819-2A97-4E01-BD23-421B813CC45A} = {850C3118-5E81-45E9-B8B6-A9FA6A6BA625}
	EndGlobalSection
	GlobalSection(ExtensibilityGlobals) = postSolution
		SolutionGuid = {C4A9FAFF-CCCB-453D-ABD3-05DD66207548}
	EndGlobalSection
EndGlobal
